
Microsoft Visual Studio Solution File, Format Version 12.00
# Visual Studio 15
VisualStudioVersion = 15.0.27428.2015
MinimumVisualStudioVersion = 10.0.40219.1
Project("{FAE04EC0-301F-11D3-BF4B-00C04F79EFBC}") = "AzureSearch", "AzureSearch\AzureSearch.csproj", "{C4E769DC-FB02-4F8C-8116-C0B3F3525A29}"
EndProject
Project("{FAE04EC0-301F-11D3-BF4B-00C04F79EFBC}") = "AzureSearchServices", "AzureSearchServices\AzureSearchServices.csproj", "{51FCD62A-A4FD-44DB-A344-0CB528793F17}"
EndProject
Global
	GlobalSection(SolutionConfigurationPlatforms) = preSolution
		Debug|Any CPU = Debug|Any CPU
		Release|Any CPU = Release|Any CPU
	EndGlobalSection
	GlobalSection(ProjectConfigurationPlatforms) = postSolution
		{C4E769DC-FB02-4F8C-8116-C0B3F3525A29}.Debug|Any CPU.ActiveCfg = Debug|Any CPU
		{C4E769DC-FB02-4F8C-8116-C0B3F3525A29}.Debug|Any CPU.Build.0 = Debug|Any CPU
		{C4E769DC-FB02-4F8C-8116-C0B3F3525A29}.Release|Any CPU.ActiveCfg = Release|Any CPU
		{C4E769DC-FB02-4F8C-8116-C0B3F3525A29}.Release|Any CPU.Build.0 = Release|Any CPU
		{51FCD62A-A4FD-44DB-A344-0CB528793F17}.Debug|Any CPU.ActiveCfg = Debug|Any CPU
		{51FCD62A-A4FD-44DB-A344-0CB528793F17}.Debug|Any CPU.Build.0 = Debug|Any CPU
		{51FCD62A-A4FD-44DB-A344-0CB528793F17}.Release|Any CPU.ActiveCfg = Release|Any CPU
		{51FCD62A-A4FD-44DB-A344-0CB528793F17}.Release|Any CPU.Build.0 = Release|Any CPU
	EndGlobalSection
	GlobalSection(SolutionProperties) = preSolution
		HideSolutionNode = FALSE
	EndGlobalSection
	GlobalSection(ExtensibilityGlobals) = postSolution
		SolutionGuid = {8E1F7AC3-7333-4C81-BBD8-A75569AD279D}
	EndGlobalSection
EndGlobal
